
Microsoft Visual Studio Solution File, Format Version 12.00
# Visual Studio 15
VisualStudioVersion = 15.0.28307.102
MinimumVisualStudioVersion = 10.0.40219.1
Project("{FAE04EC0-301F-11D3-BF4B-00C04F79EFBC}") = "UnderstandingArrays", "UnderstandingArrays\UnderstandingArrays.csproj", "{D8932988-623F-42E3-8F29-AD52EED5F084}"
EndProject
Global
	GlobalSection(SolutionConfigurationPlatforms) = preSolution
		Debug|Any CPU = Debug|Any CPU
		Release|Any CPU = Release|Any CPU
	EndGlobalSection
	GlobalSection(ProjectConfigurationPlatforms) = postSolution
		{D8932988-623F-42E3-8F29-AD52EED5F084}.Debug|Any CPU.ActiveCfg = Debug|Any CPU
		{D8932988-623F-42E3-8F29-AD52EED5F084}.Debug|Any CPU.Build.0 = Debug|Any CPU
		{D8932988-623F-42E3-8F29-AD52EED5F084}.Release|Any CPU.ActiveCfg = Release|Any CPU
		{D8932988-623F-42E3-8F29-AD52EED5F084}.Release|Any CPU.Build.0 = Release|Any CPU
	EndGlobalSection
	GlobalSection(SolutionProperties) = preSolution
		HideSolutionNode = FALSE
	EndGlobalSection
	GlobalSection(ExtensibilityGlobals) = postSolution
		SolutionGuid = {54662B0C-1FFF-4064-BB34-40B854DE17CC}
	EndGlobalSection
EndGlobal
