
Microsoft Visual Studio Solution File, Format Version 12.00
# Visual Studio 15
VisualStudioVersion = 15.0.28307.102
MinimumVisualStudioVersion = 10.0.40219.1
Project("{FAE04EC0-301F-11D3-BF4B-00C04F79EFBC}") = "UnderstandingLINQ", "UnderstandingLINQ\UnderstandingLINQ.csproj", "{35FC73D4-6654-4557-9E4D-5903182C9BB9}"
EndProject
Global
	GlobalSection(SolutionConfigurationPlatforms) = preSolution
		Debug|Any CPU = Debug|Any CPU
		Release|Any CPU = Release|Any CPU
	EndGlobalSection
	GlobalSection(ProjectConfigurationPlatforms) = postSolution
		{35FC73D4-6654-4557-9E4D-5903182C9BB9}.Debug|Any CPU.ActiveCfg = Debug|Any CPU
		{35FC73D4-6654-4557-9E4D-5903182C9BB9}.Debug|Any CPU.Build.0 = Debug|Any CPU
		{35FC73D4-6654-4557-9E4D-5903182C9BB9}.Release|Any CPU.ActiveCfg = Release|Any CPU
		{35FC73D4-6654-4557-9E4D-5903182C9BB9}.Release|Any CPU.Build.0 = Release|Any CPU
	EndGlobalSection
	GlobalSection(SolutionProperties) = preSolution
		HideSolutionNode = FALSE
	EndGlobalSection
	GlobalSection(ExtensibilityGlobals) = postSolution
		SolutionGuid = {16016C4C-129B-4EB8-A0F1-EC504582574B}
	EndGlobalSection
EndGlobal
