
Microsoft Visual Studio Solution File, Format Version 12.00
# Visual Studio 15
VisualStudioVersion = 15.0.28307.102
MinimumVisualStudioVersion = 10.0.40219.1
Project("{FAE04EC0-301F-11D3-BF4B-00C04F79EFBC}") = "ForIteration", "ForIteration\ForIteration.csproj", "{EB6F3063-E2AC-41C9-83A8-E80CFAB0F97A}"
EndProject
Global
	GlobalSection(SolutionConfigurationPlatforms) = preSolution
		Debug|Any CPU = Debug|Any CPU
		Release|Any CPU = Release|Any CPU
	EndGlobalSection
	GlobalSection(ProjectConfigurationPlatforms) = postSolution
		{EB6F3063-E2AC-41C9-83A8-E80CFAB0F97A}.Debug|Any CPU.ActiveCfg = Debug|Any CPU
		{EB6F3063-E2AC-41C9-83A8-E80CFAB0F97A}.Debug|Any CPU.Build.0 = Debug|Any CPU
		{EB6F3063-E2AC-41C9-83A8-E80CFAB0F97A}.Release|Any CPU.ActiveCfg = Release|Any CPU
		{EB6F3063-E2AC-41C9-83A8-E80CFAB0F97A}.Release|Any CPU.Build.0 = Release|Any CPU
	EndGlobalSection
	GlobalSection(SolutionProperties) = preSolution
		HideSolutionNode = FALSE
	EndGlobalSection
	GlobalSection(ExtensibilityGlobals) = postSolution
		SolutionGuid = {52D6AED3-694E-42AB-AC9B-99E70D4F1C0D}
	EndGlobalSection
EndGlobal
