
Microsoft Visual Studio Solution File, Format Version 12.00
# Visual Studio 15
VisualStudioVersion = 15.0.28307.102
MinimumVisualStudioVersion = 10.0.40219.1
Project("{FAE04EC0-301F-11D3-BF4B-00C04F79EFBC}") = "Variables", "Variables\Variables.csproj", "{F7563AEA-0B3F-470F-A698-E95A5992D727}"
EndProject
Global
	GlobalSection(SolutionConfigurationPlatforms) = preSolution
		Debug|Any CPU = Debug|Any CPU
		Release|Any CPU = Release|Any CPU
	EndGlobalSection
	GlobalSection(ProjectConfigurationPlatforms) = postSolution
		{F7563AEA-0B3F-470F-A698-E95A5992D727}.Debug|Any CPU.ActiveCfg = Debug|Any CPU
		{F7563AEA-0B3F-470F-A698-E95A5992D727}.Debug|Any CPU.Build.0 = Debug|Any CPU
		{F7563AEA-0B3F-470F-A698-E95A5992D727}.Release|Any CPU.ActiveCfg = Release|Any CPU
		{F7563AEA-0B3F-470F-A698-E95A5992D727}.Release|Any CPU.Build.0 = Release|Any CPU
	EndGlobalSection
	GlobalSection(SolutionProperties) = preSolution
		HideSolutionNode = FALSE
	EndGlobalSection
	GlobalSection(ExtensibilityGlobals) = postSolution
		SolutionGuid = {A750199C-95E0-4F1E-9DD5-4A5577AB07B8}
	EndGlobalSection
EndGlobal
