
Microsoft Visual Studio Solution File, Format Version 12.00
# Visual Studio 15
VisualStudioVersion = 15.0.28307.102
MinimumVisualStudioVersion = 10.0.40219.1
Project("{FAE04EC0-301F-11D3-BF4B-00C04F79EFBC}") = "ScrapeLibrary", "ScrapeLibrary\ScrapeLibrary.csproj", "{C2B7908C-5E0D-4A37-AC14-B9C1540D1435}"
EndProject
Project("{FAE04EC0-301F-11D3-BF4B-00C04F79EFBC}") = "ScrapeClient", "ScrapeClient\ScrapeClient.csproj", "{EB99C90D-890A-44C5-93FE-EF6DC1913BD6}"
EndProject
Global
	GlobalSection(SolutionConfigurationPlatforms) = preSolution
		Debug|Any CPU = Debug|Any CPU
		Release|Any CPU = Release|Any CPU
	EndGlobalSection
	GlobalSection(ProjectConfigurationPlatforms) = postSolution
		{C2B7908C-5E0D-4A37-AC14-B9C1540D1435}.Debug|Any CPU.ActiveCfg = Debug|Any CPU
		{C2B7908C-5E0D-4A37-AC14-B9C1540D1435}.Debug|Any CPU.Build.0 = Debug|Any CPU
		{C2B7908C-5E0D-4A37-AC14-B9C1540D1435}.Release|Any CPU.ActiveCfg = Release|Any CPU
		{C2B7908C-5E0D-4A37-AC14-B9C1540D1435}.Release|Any CPU.Build.0 = Release|Any CPU
		{EB99C90D-890A-44C5-93FE-EF6DC1913BD6}.Debug|Any CPU.ActiveCfg = Debug|Any CPU
		{EB99C90D-890A-44C5-93FE-EF6DC1913BD6}.Debug|Any CPU.Build.0 = Debug|Any CPU
		{EB99C90D-890A-44C5-93FE-EF6DC1913BD6}.Release|Any CPU.ActiveCfg = Release|Any CPU
		{EB99C90D-890A-44C5-93FE-EF6DC1913BD6}.Release|Any CPU.Build.0 = Release|Any CPU
	EndGlobalSection
	GlobalSection(SolutionProperties) = preSolution
		HideSolutionNode = FALSE
	EndGlobalSection
	GlobalSection(ExtensibilityGlobals) = postSolution
		SolutionGuid = {4947CF53-9D8D-468C-8C8D-990C87FAFFC4}
	EndGlobalSection
EndGlobal
