
Microsoft Visual Studio Solution File, Format Version 12.00
# Visual Studio 15
VisualStudioVersion = 15.0.28307.102
MinimumVisualStudioVersion = 10.0.40219.1
Project("{FAE04EC0-301F-11D3-BF4B-00C04F79EFBC}") = "WorkingWithStrings", "WorkingWithStrings\WorkingWithStrings.csproj", "{A3B3BF08-5777-48D4-9F57-E1E3FB319FD1}"
EndProject
Global
	GlobalSection(SolutionConfigurationPlatforms) = preSolution
		Debug|Any CPU = Debug|Any CPU
		Release|Any CPU = Release|Any CPU
	EndGlobalSection
	GlobalSection(ProjectConfigurationPlatforms) = postSolution
		{A3B3BF08-5777-48D4-9F57-E1E3FB319FD1}.Debug|Any CPU.ActiveCfg = Debug|Any CPU
		{A3B3BF08-5777-48D4-9F57-E1E3FB319FD1}.Debug|Any CPU.Build.0 = Debug|Any CPU
		{A3B3BF08-5777-48D4-9F57-E1E3FB319FD1}.Release|Any CPU.ActiveCfg = Release|Any CPU
		{A3B3BF08-5777-48D4-9F57-E1E3FB319FD1}.Release|Any CPU.Build.0 = Release|Any CPU
	EndGlobalSection
	GlobalSection(SolutionProperties) = preSolution
		HideSolutionNode = FALSE
	EndGlobalSection
	GlobalSection(ExtensibilityGlobals) = postSolution
		SolutionGuid = {B00D1A09-297A-4C87-8779-6DC0A16ACAC3}
	EndGlobalSection
EndGlobal
